// !$*UTF8*$!
{
	archiveVersion = 1;
	classes = {
	};
	objectVersion = 46;
	objects = {

/* Begin PBXBuildFile section */
		0A4966377E6F6AAE667B40EE /* Pods_RDSRemoteDataSolutions_Example.framework in Frameworks */ = {isa = PBXBuildFile; fileRef = 8ACEA4609E20B07EC3245FFC /* Pods_RDSRemoteDataSolutions_Example.framework */; };
		13609445F635BDD9C097B80B /* Pods_RDSRemoteDataSolutions_Tests.framework in Frameworks */ = {isa = PBXBuildFile; fileRef = 8536F664C0E9A576DD7DFF7F /* Pods_RDSRemoteDataSolutions_Tests.framework */; };
		6003F58E195388D20070C39A /* Foundation.framework in Frameworks */ = {isa = PBXBuildFile; fileRef = 6003F58D195388D20070C39A /* Foundation.framework */; };
		6003F590195388D20070C39A /* CoreGraphics.framework in Frameworks */ = {isa = PBXBuildFile; fileRef = 6003F58F195388D20070C39A /* CoreGraphics.framework */; };
		6003F592195388D20070C39A /* UIKit.framework in Frameworks */ = {isa = PBXBuildFile; fileRef = 6003F591195388D20070C39A /* UIKit.framework */; };
		6003F598195388D20070C39A /* InfoPlist.strings in Resources */ = {isa = PBXBuildFile; fileRef = 6003F596195388D20070C39A /* InfoPlist.strings */; };
		6003F59A195388D20070C39A /* main.m in Sources */ = {isa = PBXBuildFile; fileRef = 6003F599195388D20070C39A /* main.m */; };
		6003F59E195388D20070C39A /* DEMOAppDelegate.m in Sources */ = {isa = PBXBuildFile; fileRef = 6003F59D195388D20070C39A /* DEMOAppDelegate.m */; };
		6003F5A7195388D20070C39A /* DEMOViewController.m in Sources */ = {isa = PBXBuildFile; fileRef = 6003F5A6195388D20070C39A /* DEMOViewController.m */; };
		6003F5A9195388D20070C39A /* Images.xcassets in Resources */ = {isa = PBXBuildFile; fileRef = 6003F5A8195388D20070C39A /* Images.xcassets */; };
		6003F5B0195388D20070C39A /* XCTest.framework in Frameworks */ = {isa = PBXBuildFile; fileRef = 6003F5AF195388D20070C39A /* XCTest.framework */; };
		6003F5B1195388D20070C39A /* Foundation.framework in Frameworks */ = {isa = PBXBuildFile; fileRef = 6003F58D195388D20070C39A /* Foundation.framework */; };
		6003F5B2195388D20070C39A /* UIKit.framework in Frameworks */ = {isa = PBXBuildFile; fileRef = 6003F591195388D20070C39A /* UIKit.framework */; };
		6003F5BA195388D20070C39A /* InfoPlist.strings in Resources */ = {isa = PBXBuildFile; fileRef = 6003F5B8195388D20070C39A /* InfoPlist.strings */; };
		873B8AEB1B1F5CCA007FD442 /* Main.storyboard in Resources */ = {isa = PBXBuildFile; fileRef = 873B8AEA1B1F5CCA007FD442 /* Main.storyboard */; };
		DBC7597F1DC4B03900CDC97F /* RDSNetworkConnectorErrorReportingTests.m in Sources */ = {isa = PBXBuildFile; fileRef = DBC7597E1DC4B03900CDC97F /* RDSNetworkConnectorErrorReportingTests.m */; };
		DBC759851DC4BAAC00CDC97F /* RDSSubmitterTests.m in Sources */ = {isa = PBXBuildFile; fileRef = DBC759841DC4BAAC00CDC97F /* RDSSubmitterTests.m */; };
		DBC7598D1DC4BEBB00CDC97F /* MOCKSubmission.m in Sources */ = {isa = PBXBuildFile; fileRef = DBC7598C1DC4BEBB00CDC97F /* MOCKSubmission.m */; };
		DBC759A01DC4DB2C00CDC97F /* RDSNetworkConnectorLiveTests.m in Sources */ = {isa = PBXBuildFile; fileRef = DBC7599F1DC4DB2C00CDC97F /* RDSNetworkConnectorLiveTests.m */; };
		DBC759CE1DC548C200CDC97F /* RDSHelperTests.m in Sources */ = {isa = PBXBuildFile; fileRef = DBC759CD1DC548C200CDC97F /* RDSHelperTests.m */; };
		DBC759D41DC564C000CDC97F /* RDSSubmissionStationTests.m in Sources */ = {isa = PBXBuildFile; fileRef = DBC759D31DC564C000CDC97F /* RDSSubmissionStationTests.m */; };
		DBC759D71DC564E200CDC97F /* MOCKNetworkConnector.m in Sources */ = {isa = PBXBuildFile; fileRef = DBC759D61DC564E200CDC97F /* MOCKNetworkConnector.m */; };
		DBC759DD1DC5C73700CDC97F /* RDSSchedulerTests.m in Sources */ = {isa = PBXBuildFile; fileRef = DBC759DC1DC5C73700CDC97F /* RDSSchedulerTests.m */; };
		DBC759E01DC6212500CDC97F /* MOCKNetworkConnectorWithFailingNetwork.m in Sources */ = {isa = PBXBuildFile; fileRef = DBC759DF1DC6212500CDC97F /* MOCKNetworkConnectorWithFailingNetwork.m */; };
		DBC759E61DC62D0200CDC97F /* RDSResubmissionOperationTests.m in Sources */ = {isa = PBXBuildFile; fileRef = DBC759E51DC62D0200CDC97F /* RDSResubmissionOperationTests.m */; };
		DBC759E91DC634FC00CDC97F /* MOCKSubmitterAlwaysReportsSuccess.m in Sources */ = {isa = PBXBuildFile; fileRef = DBC759E81DC634FC00CDC97F /* MOCKSubmitterAlwaysReportsSuccess.m */; };
		DBC759EB1DC6857F00CDC97F /* CHANGELOG.md in Sources */ = {isa = PBXBuildFile; fileRef = DBC759EA1DC6857F00CDC97F /* CHANGELOG.md */; };
		DBC759F51DC68B4000CDC97F /* RDSValidatorTests.m in Sources */ = {isa = PBXBuildFile; fileRef = DBC759F41DC68B4000CDC97F /* RDSValidatorTests.m */; };
		DBC759F81DC6A57600CDC97F /* DEMOLoggingDelegate.m in Sources */ = {isa = PBXBuildFile; fileRef = DBC759F71DC6A57600CDC97F /* DEMOLoggingDelegate.m */; };
/* End PBXBuildFile section */

/* Begin PBXContainerItemProxy section */
		6003F5B3195388D20070C39A /* PBXContainerItemProxy */ = {
			isa = PBXContainerItemProxy;
			containerPortal = 6003F582195388D10070C39A /* Project object */;
			proxyType = 1;
			remoteGlobalIDString = 6003F589195388D20070C39A;
			remoteInfo = RDSRemoteDataSolutions;
		};
/* End PBXContainerItemProxy section */

/* Begin PBXFileReference section */
		376552F3B23126EEA0CC268A /* RDSRemoteDataSolutions.podspec */ = {isa = PBXFileReference; includeInIndex = 1; lastKnownFileType = text; name = RDSRemoteDataSolutions.podspec; path = ../RDSRemoteDataSolutions.podspec; sourceTree = "<group>"; };
		6003F58A195388D20070C39A /* RDSRemoteDataSolutions_Example.app */ = {isa = PBXFileReference; explicitFileType = wrapper.application; includeInIndex = 0; path = RDSRemoteDataSolutions_Example.app; sourceTree = BUILT_PRODUCTS_DIR; };
		6003F58D195388D20070C39A /* Foundation.framework */ = {isa = PBXFileReference; lastKnownFileType = wrapper.framework; name = Foundation.framework; path = System/Library/Frameworks/Foundation.framework; sourceTree = SDKROOT; };
		6003F58F195388D20070C39A /* CoreGraphics.framework */ = {isa = PBXFileReference; lastKnownFileType = wrapper.framework; name = CoreGraphics.framework; path = System/Library/Frameworks/CoreGraphics.framework; sourceTree = SDKROOT; };
		6003F591195388D20070C39A /* UIKit.framework */ = {isa = PBXFileReference; lastKnownFileType = wrapper.framework; name = UIKit.framework; path = System/Library/Frameworks/UIKit.framework; sourceTree = SDKROOT; };
		6003F595195388D20070C39A /* RDSRemoteDataSolutions-Info.plist */ = {isa = PBXFileReference; lastKnownFileType = text.plist.xml; path = "RDSRemoteDataSolutions-Info.plist"; sourceTree = "<group>"; };
		6003F597195388D20070C39A /* en */ = {isa = PBXFileReference; lastKnownFileType = text.plist.strings; name = en; path = en.lproj/InfoPlist.strings; sourceTree = "<group>"; };
		6003F599195388D20070C39A /* main.m */ = {isa = PBXFileReference; lastKnownFileType = sourcecode.c.objc; path = main.m; sourceTree = "<group>"; };
		6003F59B195388D20070C39A /* RDSRemoteDataSolutions-Prefix.pch */ = {isa = PBXFileReference; lastKnownFileType = sourcecode.c.h; path = "RDSRemoteDataSolutions-Prefix.pch"; sourceTree = "<group>"; };
		6003F59C195388D20070C39A /* DEMOAppDelegate.h */ = {isa = PBXFileReference; lastKnownFileType = sourcecode.c.h; path = DEMOAppDelegate.h; sourceTree = "<group>"; };
		6003F59D195388D20070C39A /* DEMOAppDelegate.m */ = {isa = PBXFileReference; lastKnownFileType = sourcecode.c.objc; path = DEMOAppDelegate.m; sourceTree = "<group>"; };
		6003F5A5195388D20070C39A /* DEMOViewController.h */ = {isa = PBXFileReference; lastKnownFileType = sourcecode.c.h; path = DEMOViewController.h; sourceTree = "<group>"; };
		6003F5A6195388D20070C39A /* DEMOViewController.m */ = {isa = PBXFileReference; lastKnownFileType = sourcecode.c.objc; path = DEMOViewController.m; sourceTree = "<group>"; };
		6003F5A8195388D20070C39A /* Images.xcassets */ = {isa = PBXFileReference; lastKnownFileType = folder.assetcatalog; path = Images.xcassets; sourceTree = "<group>"; };
		6003F5AE195388D20070C39A /* RDSRemoteDataSolutions_Tests.xctest */ = {isa = PBXFileReference; explicitFileType = wrapper.cfbundle; includeInIndex = 0; path = RDSRemoteDataSolutions_Tests.xctest; sourceTree = BUILT_PRODUCTS_DIR; };
		6003F5AF195388D20070C39A /* XCTest.framework */ = {isa = PBXFileReference; lastKnownFileType = wrapper.framework; name = XCTest.framework; path = Library/Frameworks/XCTest.framework; sourceTree = DEVELOPER_DIR; };
		6003F5B7195388D20070C39A /* Tests-Info.plist */ = {isa = PBXFileReference; lastKnownFileType = text.plist.xml; path = "Tests-Info.plist"; sourceTree = "<group>"; };
		6003F5B9195388D20070C39A /* en */ = {isa = PBXFileReference; lastKnownFileType = text.plist.strings; name = en; path = en.lproj/InfoPlist.strings; sourceTree = "<group>"; };
		606FC2411953D9B200FFA9A0 /* Tests-Prefix.pch */ = {isa = PBXFileReference; lastKnownFileType = sourcecode.c.h; path = "Tests-Prefix.pch"; sourceTree = "<group>"; };
		61F1DC332E0A9877A00E5C1E /* LICENSE */ = {isa = PBXFileReference; includeInIndex = 1; lastKnownFileType = text; name = LICENSE; path = ../LICENSE; sourceTree = "<group>"; };
		8536F664C0E9A576DD7DFF7F /* Pods_RDSRemoteDataSolutions_Tests.framework */ = {isa = PBXFileReference; explicitFileType = wrapper.framework; includeInIndex = 0; path = Pods_RDSRemoteDataSolutions_Tests.framework; sourceTree = BUILT_PRODUCTS_DIR; };
		873B8AEA1B1F5CCA007FD442 /* Main.storyboard */ = {isa = PBXFileReference; fileEncoding = 4; lastKnownFileType = file.storyboard; path = Main.storyboard; sourceTree = "<group>"; };
		8ACEA4609E20B07EC3245FFC /* Pods_RDSRemoteDataSolutions_Example.framework */ = {isa = PBXFileReference; explicitFileType = wrapper.framework; includeInIndex = 0; path = Pods_RDSRemoteDataSolutions_Example.framework; sourceTree = BUILT_PRODUCTS_DIR; };
		911BB05376AAC14142FD9DEC /* Pods-RDSRemoteDataSolutions_Example.release.xcconfig */ = {isa = PBXFileReference; includeInIndex = 1; lastKnownFileType = text.xcconfig; name = "Pods-RDSRemoteDataSolutions_Example.release.xcconfig"; path = "Pods/Target Support Files/Pods-RDSRemoteDataSolutions_Example/Pods-RDSRemoteDataSolutions_Example.release.xcconfig"; sourceTree = "<group>"; };
		954754D91DBB5BC02E788D62 /* Pods-RDSRemoteDataSolutions_Tests.debug.xcconfig */ = {isa = PBXFileReference; includeInIndex = 1; lastKnownFileType = text.xcconfig; name = "Pods-RDSRemoteDataSolutions_Tests.debug.xcconfig"; path = "Pods/Target Support Files/Pods-RDSRemoteDataSolutions_Tests/Pods-RDSRemoteDataSolutions_Tests.debug.xcconfig"; sourceTree = "<group>"; };
		A84D91D5C0F29FB81A673E73 /* Pods-RDSRemoteDataSolutions_Tests.release.xcconfig */ = {isa = PBXFileReference; includeInIndex = 1; lastKnownFileType = text.xcconfig; name = "Pods-RDSRemoteDataSolutions_Tests.release.xcconfig"; path = "Pods/Target Support Files/Pods-RDSRemoteDataSolutions_Tests/Pods-RDSRemoteDataSolutions_Tests.release.xcconfig"; sourceTree = "<group>"; };
		BBB0BC979680907282280E85 /* Pods-RDSRemoteDataSolutions_Example.debug.xcconfig */ = {isa = PBXFileReference; includeInIndex = 1; lastKnownFileType = text.xcconfig; name = "Pods-RDSRemoteDataSolutions_Example.debug.xcconfig"; path = "Pods/Target Support Files/Pods-RDSRemoteDataSolutions_Example/Pods-RDSRemoteDataSolutions_Example.debug.xcconfig"; sourceTree = "<group>"; };
		DBC7597E1DC4B03900CDC97F /* RDSNetworkConnectorErrorReportingTests.m */ = {isa = PBXFileReference; fileEncoding = 4; lastKnownFileType = sourcecode.c.objc; path = RDSNetworkConnectorErrorReportingTests.m; sourceTree = "<group>"; };
		DBC759841DC4BAAC00CDC97F /* RDSSubmitterTests.m */ = {isa = PBXFileReference; fileEncoding = 4; lastKnownFileType = sourcecode.c.objc; path = RDSSubmitterTests.m; sourceTree = "<group>"; };
		DBC7598B1DC4BEBB00CDC97F /* MOCKSubmission.h */ = {isa = PBXFileReference; fileEncoding = 4; lastKnownFileType = sourcecode.c.h; path = MOCKSubmission.h; sourceTree = "<group>"; };
		DBC7598C1DC4BEBB00CDC97F /* MOCKSubmission.m */ = {isa = PBXFileReference; fileEncoding = 4; lastKnownFileType = sourcecode.c.objc; path = MOCKSubmission.m; sourceTree = "<group>"; };
		DBC7599F1DC4DB2C00CDC97F /* RDSNetworkConnectorLiveTests.m */ = {isa = PBXFileReference; fileEncoding = 4; lastKnownFileType = sourcecode.c.objc; path = RDSNetworkConnectorLiveTests.m; sourceTree = "<group>"; };
		DBC759CD1DC548C200CDC97F /* RDSHelperTests.m */ = {isa = PBXFileReference; fileEncoding = 4; lastKnownFileType = sourcecode.c.objc; path = RDSHelperTests.m; sourceTree = "<group>"; };
		DBC759D31DC564C000CDC97F /* RDSSubmissionStationTests.m */ = {isa = PBXFileReference; fileEncoding = 4; lastKnownFileType = sourcecode.c.objc; path = RDSSubmissionStationTests.m; sourceTree = "<group>"; };
		DBC759D51DC564E200CDC97F /* MOCKNetworkConnector.h */ = {isa = PBXFileReference; fileEncoding = 4; lastKnownFileType = sourcecode.c.h; path = MOCKNetworkConnector.h; sourceTree = "<group>"; };
		DBC759D61DC564E200CDC97F /* MOCKNetworkConnector.m */ = {isa = PBXFileReference; fileEncoding = 4; lastKnownFileType = sourcecode.c.objc; path = MOCKNetworkConnector.m; sourceTree = "<group>"; };
		DBC759DC1DC5C73700CDC97F /* RDSSchedulerTests.m */ = {isa = PBXFileReference; fileEncoding = 4; lastKnownFileType = sourcecode.c.objc; path = RDSSchedulerTests.m; sourceTree = "<group>"; };
		DBC759DE1DC6212500CDC97F /* MOCKNetworkConnectorWithFailingNetwork.h */ = {isa = PBXFileReference; fileEncoding = 4; lastKnownFileType = sourcecode.c.h; path = MOCKNetworkConnectorWithFailingNetwork.h; sourceTree = "<group>"; };
		DBC759DF1DC6212500CDC97F /* MOCKNetworkConnectorWithFailingNetwork.m */ = {isa = PBXFileReference; fileEncoding = 4; lastKnownFileType = sourcecode.c.objc; path = MOCKNetworkConnectorWithFailingNetwork.m; sourceTree = "<group>"; };
		DBC759E51DC62D0200CDC97F /* RDSResubmissionOperationTests.m */ = {isa = PBXFileReference; fileEncoding = 4; lastKnownFileType = sourcecode.c.objc; path = RDSResubmissionOperationTests.m; sourceTree = "<group>"; };
		DBC759E71DC634FC00CDC97F /* MOCKSubmitterAlwaysReportsSuccess.h */ = {isa = PBXFileReference; fileEncoding = 4; lastKnownFileType = sourcecode.c.h; path = MOCKSubmitterAlwaysReportsSuccess.h; sourceTree = "<group>"; };
		DBC759E81DC634FC00CDC97F /* MOCKSubmitterAlwaysReportsSuccess.m */ = {isa = PBXFileReference; fileEncoding = 4; lastKnownFileType = sourcecode.c.objc; path = MOCKSubmitterAlwaysReportsSuccess.m; sourceTree = "<group>"; };
		DBC759EA1DC6857F00CDC97F /* CHANGELOG.md */ = {isa = PBXFileReference; fileEncoding = 4; lastKnownFileType = net.daringfireball.markdown; name = CHANGELOG.md; path = "../../../KFXLog - multiple versions/KFXLog/KFXLog/CHANGELOG.md"; sourceTree = "<group>"; };
		DBC759F41DC68B4000CDC97F /* RDSValidatorTests.m */ = {isa = PBXFileReference; fileEncoding = 4; lastKnownFileType = sourcecode.c.objc; path = RDSValidatorTests.m; sourceTree = "<group>"; };
		DBC759F61DC6A57600CDC97F /* DEMOLoggingDelegate.h */ = {isa = PBXFileReference; fileEncoding = 4; lastKnownFileType = sourcecode.c.h; path = DEMOLoggingDelegate.h; sourceTree = "<group>"; };
		DBC759F71DC6A57600CDC97F /* DEMOLoggingDelegate.m */ = {isa = PBXFileReference; fileEncoding = 4; lastKnownFileType = sourcecode.c.objc; path = DEMOLoggingDelegate.m; sourceTree = "<group>"; };
		E46A485E89E46EB6F0EF8FE5 /* README.md */ = {isa = PBXFileReference; includeInIndex = 1; lastKnownFileType = net.daringfireball.markdown; name = README.md; path = ../README.md; sourceTree = "<group>"; };
/* End PBXFileReference section */

/* Begin PBXFrameworksBuildPhase section */
		6003F587195388D20070C39A /* Frameworks */ = {
			isa = PBXFrameworksBuildPhase;
			buildActionMask = 2147483647;
			files = (
				6003F590195388D20070C39A /* CoreGraphics.framework in Frameworks */,
				6003F592195388D20070C39A /* UIKit.framework in Frameworks */,
				6003F58E195388D20070C39A /* Foundation.framework in Frameworks */,
				0A4966377E6F6AAE667B40EE /* Pods_RDSRemoteDataSolutions_Example.framework in Frameworks */,
			);
			runOnlyForDeploymentPostprocessing = 0;
		};
		6003F5AB195388D20070C39A /* Frameworks */ = {
			isa = PBXFrameworksBuildPhase;
			buildActionMask = 2147483647;
			files = (
				6003F5B0195388D20070C39A /* XCTest.framework in Frameworks */,
				6003F5B2195388D20070C39A /* UIKit.framework in Frameworks */,
				6003F5B1195388D20070C39A /* Foundation.framework in Frameworks */,
				13609445F635BDD9C097B80B /* Pods_RDSRemoteDataSolutions_Tests.framework in Frameworks */,
			);
			runOnlyForDeploymentPostprocessing = 0;
		};
/* End PBXFrameworksBuildPhase section */

/* Begin PBXGroup section */
		5B4CCBA6CF92145C35B351B5 /* Pods */ = {
			isa = PBXGroup;
			children = (
				BBB0BC979680907282280E85 /* Pods-RDSRemoteDataSolutions_Example.debug.xcconfig */,
				911BB05376AAC14142FD9DEC /* Pods-RDSRemoteDataSolutions_Example.release.xcconfig */,
				954754D91DBB5BC02E788D62 /* Pods-RDSRemoteDataSolutions_Tests.debug.xcconfig */,
				A84D91D5C0F29FB81A673E73 /* Pods-RDSRemoteDataSolutions_Tests.release.xcconfig */,
			);
			name = Pods;
			sourceTree = "<group>";
		};
		6003F581195388D10070C39A = {
			isa = PBXGroup;
			children = (
				60FF7A9C1954A5C5007DD14C /* Podspec Metadata */,
				6003F593195388D20070C39A /* Example for RDSRemoteDataSolutions */,
				6003F5B5195388D20070C39A /* Tests */,
				6003F58C195388D20070C39A /* Frameworks */,
				6003F58B195388D20070C39A /* Products */,
				5B4CCBA6CF92145C35B351B5 /* Pods */,
			);
			sourceTree = "<group>";
		};
		6003F58B195388D20070C39A /* Products */ = {
			isa = PBXGroup;
			children = (
				6003F58A195388D20070C39A /* RDSRemoteDataSolutions_Example.app */,
				6003F5AE195388D20070C39A /* RDSRemoteDataSolutions_Tests.xctest */,
			);
			name = Products;
			sourceTree = "<group>";
		};
		6003F58C195388D20070C39A /* Frameworks */ = {
			isa = PBXGroup;
			children = (
				6003F58D195388D20070C39A /* Foundation.framework */,
				6003F58F195388D20070C39A /* CoreGraphics.framework */,
				6003F591195388D20070C39A /* UIKit.framework */,
				6003F5AF195388D20070C39A /* XCTest.framework */,
				8ACEA4609E20B07EC3245FFC /* Pods_RDSRemoteDataSolutions_Example.framework */,
				8536F664C0E9A576DD7DFF7F /* Pods_RDSRemoteDataSolutions_Tests.framework */,
			);
			name = Frameworks;
			sourceTree = "<group>";
		};
		6003F593195388D20070C39A /* Example for RDSRemoteDataSolutions */ = {
			isa = PBXGroup;
			children = (
				6003F59C195388D20070C39A /* DEMOAppDelegate.h */,
				6003F59D195388D20070C39A /* DEMOAppDelegate.m */,
				873B8AEA1B1F5CCA007FD442 /* Main.storyboard */,
				6003F5A5195388D20070C39A /* DEMOViewController.h */,
				6003F5A6195388D20070C39A /* DEMOViewController.m */,
				DBC759F61DC6A57600CDC97F /* DEMOLoggingDelegate.h */,
				DBC759F71DC6A57600CDC97F /* DEMOLoggingDelegate.m */,
				6003F5A8195388D20070C39A /* Images.xcassets */,
				6003F594195388D20070C39A /* Supporting Files */,
			);
			name = "Example for RDSRemoteDataSolutions";
			path = RDSRemoteDataSolutions;
			sourceTree = "<group>";
		};
		6003F594195388D20070C39A /* Supporting Files */ = {
			isa = PBXGroup;
			children = (
				6003F595195388D20070C39A /* RDSRemoteDataSolutions-Info.plist */,
				6003F596195388D20070C39A /* InfoPlist.strings */,
				6003F599195388D20070C39A /* main.m */,
				6003F59B195388D20070C39A /* RDSRemoteDataSolutions-Prefix.pch */,
			);
			name = "Supporting Files";
			sourceTree = "<group>";
		};
		6003F5B5195388D20070C39A /* Tests */ = {
			isa = PBXGroup;
			children = (
				DBC7597E1DC4B03900CDC97F /* RDSNetworkConnectorErrorReportingTests.m */,
				DBC7599F1DC4DB2C00CDC97F /* RDSNetworkConnectorLiveTests.m */,
				DBC759841DC4BAAC00CDC97F /* RDSSubmitterTests.m */,
				DBC759D31DC564C000CDC97F /* RDSSubmissionStationTests.m */,
				DBC759CD1DC548C200CDC97F /* RDSHelperTests.m */,
				DBC759DC1DC5C73700CDC97F /* RDSSchedulerTests.m */,
				DBC759E51DC62D0200CDC97F /* RDSResubmissionOperationTests.m */,
				DBC759F41DC68B4000CDC97F /* RDSValidatorTests.m */,
				DBC7598A1DC4BEA700CDC97F /* Mocks */,
				6003F5B6195388D20070C39A /* Supporting Files */,
			);
			path = Tests;
			sourceTree = "<group>";
		};
		6003F5B6195388D20070C39A /* Supporting Files */ = {
			isa = PBXGroup;
			children = (
				6003F5B7195388D20070C39A /* Tests-Info.plist */,
				6003F5B8195388D20070C39A /* InfoPlist.strings */,
				606FC2411953D9B200FFA9A0 /* Tests-Prefix.pch */,
			);
			name = "Supporting Files";
			sourceTree = "<group>";
		};
		60FF7A9C1954A5C5007DD14C /* Podspec Metadata */ = {
			isa = PBXGroup;
			children = (
				376552F3B23126EEA0CC268A /* RDSRemoteDataSolutions.podspec */,
				E46A485E89E46EB6F0EF8FE5 /* README.md */,
				DBC759EA1DC6857F00CDC97F /* CHANGELOG.md */,
				61F1DC332E0A9877A00E5C1E /* LICENSE */,
			);
			name = "Podspec Metadata";
			sourceTree = "<group>";
		};
		DBC7598A1DC4BEA700CDC97F /* Mocks */ = {
			isa = PBXGroup;
			children = (
				DBC7598B1DC4BEBB00CDC97F /* MOCKSubmission.h */,
				DBC7598C1DC4BEBB00CDC97F /* MOCKSubmission.m */,
				DBC759D51DC564E200CDC97F /* MOCKNetworkConnector.h */,
				DBC759D61DC564E200CDC97F /* MOCKNetworkConnector.m */,
				DBC759DE1DC6212500CDC97F /* MOCKNetworkConnectorWithFailingNetwork.h */,
				DBC759DF1DC6212500CDC97F /* MOCKNetworkConnectorWithFailingNetwork.m */,
				DBC759E71DC634FC00CDC97F /* MOCKSubmitterAlwaysReportsSuccess.h */,
				DBC759E81DC634FC00CDC97F /* MOCKSubmitterAlwaysReportsSuccess.m */,
			);
			name = Mocks;
			sourceTree = "<group>";
		};
/* End PBXGroup section */

/* Begin PBXNativeTarget section */
		6003F589195388D20070C39A /* RDSRemoteDataSolutions_Example */ = {
			isa = PBXNativeTarget;
			buildConfigurationList = 6003F5BF195388D20070C39A /* Build configuration list for PBXNativeTarget "RDSRemoteDataSolutions_Example" */;
			buildPhases = (
				67240367ADD34F7685E60BC3 /* [CP] Check Pods Manifest.lock */,
				DBC759A51DC513BB00CDC97F /* Run Script - Increment Build No. */,
				6003F586195388D20070C39A /* Sources */,
				6003F587195388D20070C39A /* Frameworks */,
				6003F588195388D20070C39A /* Resources */,
				95A86D33374E64EFD63A9931 /* [CP] Embed Pods Frameworks */,
				5EDE70BA004FCEEAAE7E7E34 /* [CP] Copy Pods Resources */,
			);
			buildRules = (
			);
			dependencies = (
			);
			name = RDSRemoteDataSolutions_Example;
			productName = RDSRemoteDataSolutions;
			productReference = 6003F58A195388D20070C39A /* RDSRemoteDataSolutions_Example.app */;
			productType = "com.apple.product-type.application";
		};
		6003F5AD195388D20070C39A /* RDSRemoteDataSolutions_Tests */ = {
			isa = PBXNativeTarget;
			buildConfigurationList = 6003F5C2195388D20070C39A /* Build configuration list for PBXNativeTarget "RDSRemoteDataSolutions_Tests" */;
			buildPhases = (
				4A849119C4868A719D768F6A /* [CP] Check Pods Manifest.lock */,
				6003F5AA195388D20070C39A /* Sources */,
				6003F5AB195388D20070C39A /* Frameworks */,
				6003F5AC195388D20070C39A /* Resources */,
				A664E95647A14E03951A14D6 /* [CP] Embed Pods Frameworks */,
				15DF6C4EE88EE8F62FA04817 /* [CP] Copy Pods Resources */,
			);
			buildRules = (
			);
			dependencies = (
				6003F5B4195388D20070C39A /* PBXTargetDependency */,
			);
			name = RDSRemoteDataSolutions_Tests;
			productName = RDSRemoteDataSolutionsTests;
			productReference = 6003F5AE195388D20070C39A /* RDSRemoteDataSolutions_Tests.xctest */;
			productType = "com.apple.product-type.bundle.unit-test";
		};
/* End PBXNativeTarget section */

/* Begin PBXProject section */
		6003F582195388D10070C39A /* Project object */ = {
			isa = PBXProject;
			attributes = {
				CLASSPREFIX = DEMO;
				LastUpgradeCheck = 0720;
				ORGANIZATIONNAME = "Christian Fox";
				TargetAttributes = {
					6003F5AD195388D20070C39A = {
						LastSwiftMigration = 0810;
						TestTargetID = 6003F589195388D20070C39A;
					};
				};
			};
			buildConfigurationList = 6003F585195388D10070C39A /* Build configuration list for PBXProject "RDSRemoteDataSolutions" */;
			compatibilityVersion = "Xcode 3.2";
			developmentRegion = English;
			hasScannedForEncodings = 0;
			knownRegions = (
				en,
				Base,
			);
			mainGroup = 6003F581195388D10070C39A;
			productRefGroup = 6003F58B195388D20070C39A /* Products */;
			projectDirPath = "";
			projectRoot = "";
			targets = (
				6003F589195388D20070C39A /* RDSRemoteDataSolutions_Example */,
				6003F5AD195388D20070C39A /* RDSRemoteDataSolutions_Tests */,
			);
		};
/* End PBXProject section */

/* Begin PBXResourcesBuildPhase section */
		6003F588195388D20070C39A /* Resources */ = {
			isa = PBXResourcesBuildPhase;
			buildActionMask = 2147483647;
			files = (
				873B8AEB1B1F5CCA007FD442 /* Main.storyboard in Resources */,
				6003F5A9195388D20070C39A /* Images.xcassets in Resources */,
				6003F598195388D20070C39A /* InfoPlist.strings in Resources */,
			);
			runOnlyForDeploymentPostprocessing = 0;
		};
		6003F5AC195388D20070C39A /* Resources */ = {
			isa = PBXResourcesBuildPhase;
			buildActionMask = 2147483647;
			files = (
				6003F5BA195388D20070C39A /* InfoPlist.strings in Resources */,
			);
			runOnlyForDeploymentPostprocessing = 0;
		};
/* End PBXResourcesBuildPhase section */

/* Begin PBXShellScriptBuildPhase section */
		15DF6C4EE88EE8F62FA04817 /* [CP] Copy Pods Resources */ = {
			isa = PBXShellScriptBuildPhase;
			buildActionMask = 2147483647;
			files = (
			);
			inputPaths = (
			);
			name = "[CP] Copy Pods Resources";
			outputPaths = (
			);
			runOnlyForDeploymentPostprocessing = 0;
			shellPath = /bin/sh;
			shellScript = "\"${SRCROOT}/Pods/Target Support Files/Pods-RDSRemoteDataSolutions_Tests/Pods-RDSRemoteDataSolutions_Tests-resources.sh\"\n";
			showEnvVarsInLog = 0;
		};
		4A849119C4868A719D768F6A /* [CP] Check Pods Manifest.lock */ = {
			isa = PBXShellScriptBuildPhase;
			buildActionMask = 2147483647;
			files = (
			);
			inputPaths = (
			);
			name = "[CP] Check Pods Manifest.lock";
			outputPaths = (
			);
			runOnlyForDeploymentPostprocessing = 0;
			shellPath = /bin/sh;
			shellScript = "diff \"${PODS_ROOT}/../Podfile.lock\" \"${PODS_ROOT}/Manifest.lock\" > /dev/null\nif [ $? != 0 ] ; then\n    # print error to STDERR\n    echo \"error: The sandbox is not in sync with the Podfile.lock. Run 'pod install' or update your CocoaPods installation.\" >&2\n    exit 1\nfi\n";
			showEnvVarsInLog = 0;
		};
		5EDE70BA004FCEEAAE7E7E34 /* [CP] Copy Pods Resources */ = {
			isa = PBXShellScriptBuildPhase;
			buildActionMask = 2147483647;
			files = (
			);
			inputPaths = (
			);
			name = "[CP] Copy Pods Resources";
			outputPaths = (
			);
			runOnlyForDeploymentPostprocessing = 0;
			shellPath = /bin/sh;
			shellScript = "\"${SRCROOT}/Pods/Target Support Files/Pods-RDSRemoteDataSolutions_Example/Pods-RDSRemoteDataSolutions_Example-resources.sh\"\n";
			showEnvVarsInLog = 0;
		};
		67240367ADD34F7685E60BC3 /* [CP] Check Pods Manifest.lock */ = {
			isa = PBXShellScriptBuildPhase;
			buildActionMask = 2147483647;
			files = (
			);
			inputPaths = (
			);
			name = "[CP] Check Pods Manifest.lock";
			outputPaths = (
			);
			runOnlyForDeploymentPostprocessing = 0;
			shellPath = /bin/sh;
			shellScript = "diff \"${PODS_ROOT}/../Podfile.lock\" \"${PODS_ROOT}/Manifest.lock\" > /dev/null\nif [ $? != 0 ] ; then\n    # print error to STDERR\n    echo \"error: The sandbox is not in sync with the Podfile.lock. Run 'pod install' or update your CocoaPods installation.\" >&2\n    exit 1\nfi\n";
			showEnvVarsInLog = 0;
		};
		95A86D33374E64EFD63A9931 /* [CP] Embed Pods Frameworks */ = {
			isa = PBXShellScriptBuildPhase;
			buildActionMask = 2147483647;
			files = (
			);
			inputPaths = (
			);
			name = "[CP] Embed Pods Frameworks";
			outputPaths = (
			);
			runOnlyForDeploymentPostprocessing = 0;
			shellPath = /bin/sh;
			shellScript = "\"${SRCROOT}/Pods/Target Support Files/Pods-RDSRemoteDataSolutions_Example/Pods-RDSRemoteDataSolutions_Example-frameworks.sh\"\n";
			showEnvVarsInLog = 0;
		};
		A664E95647A14E03951A14D6 /* [CP] Embed Pods Frameworks */ = {
			isa = PBXShellScriptBuildPhase;
			buildActionMask = 2147483647;
			files = (
			);
			inputPaths = (
			);
			name = "[CP] Embed Pods Frameworks";
			outputPaths = (
			);
			runOnlyForDeploymentPostprocessing = 0;
			shellPath = /bin/sh;
			shellScript = "\"${SRCROOT}/Pods/Target Support Files/Pods-RDSRemoteDataSolutions_Tests/Pods-RDSRemoteDataSolutions_Tests-frameworks.sh\"\n";
			showEnvVarsInLog = 0;
		};
		DBC759A51DC513BB00CDC97F /* Run Script - Increment Build No. */ = {
			isa = PBXShellScriptBuildPhase;
			buildActionMask = 2147483647;
			files = (
			);
			inputPaths = (
			);
			name = "Run Script - Increment Build No.";
			outputPaths = (
			);
			runOnlyForDeploymentPostprocessing = 0;
			shellPath = /bin/sh;
			shellScript = "#!/bin/bash\nbuildNumber=$(/usr/libexec/PlistBuddy -c \"Print CFBundleVersion\" \"$INFOPLIST_FILE\")\nbuildNumber=$(($buildNumber + 1))\n/usr/libexec/PlistBuddy -c \"Set :CFBundleVersion $buildNumber\" \"$INFOPLIST_FILE\"\n\n";
		};
/* End PBXShellScriptBuildPhase section */

/* Begin PBXSourcesBuildPhase section */
		6003F586195388D20070C39A /* Sources */ = {
			isa = PBXSourcesBuildPhase;
			buildActionMask = 2147483647;
			files = (
				DBC759D71DC564E200CDC97F /* MOCKNetworkConnector.m in Sources */,
				DBC759E01DC6212500CDC97F /* MOCKNetworkConnectorWithFailingNetwork.m in Sources */,
				6003F59E195388D20070C39A /* DEMOAppDelegate.m in Sources */,
				6003F5A7195388D20070C39A /* DEMOViewController.m in Sources */,
				DBC759E91DC634FC00CDC97F /* MOCKSubmitterAlwaysReportsSuccess.m in Sources */,
				DBC759EB1DC6857F00CDC97F /* CHANGELOG.md in Sources */,
				6003F59A195388D20070C39A /* main.m in Sources */,
				DBC759F81DC6A57600CDC97F /* DEMOLoggingDelegate.m in Sources */,
			);
			runOnlyForDeploymentPostprocessing = 0;
		};
		6003F5AA195388D20070C39A /* Sources */ = {
			isa = PBXSourcesBuildPhase;
			buildActionMask = 2147483647;
			files = (
				DBC759D41DC564C000CDC97F /* RDSSubmissionStationTests.m in Sources */,
				DBC7598D1DC4BEBB00CDC97F /* MOCKSubmission.m in Sources */,
				DBC759E61DC62D0200CDC97F /* RDSResubmissionOperationTests.m in Sources */,
				DBC7597F1DC4B03900CDC97F /* RDSNetworkConnectorErrorReportingTests.m in Sources */,
				DBC759A01DC4DB2C00CDC97F /* RDSNetworkConnectorLiveTests.m in Sources */,
				DBC759851DC4BAAC00CDC97F /* RDSSubmitterTests.m in Sources */,
				DBC759CE1DC548C200CDC97F /* RDSHelperTests.m in Sources */,
				DBC759F51DC68B4000CDC97F /* RDSValidatorTests.m in Sources */,
				DBC759DD1DC5C73700CDC97F /* RDSSchedulerTests.m in Sources */,
			);
			runOnlyForDeploymentPostprocessing = 0;
		};
/* End PBXSourcesBuildPhase section */

/* Begin PBXTargetDependency section */
		6003F5B4195388D20070C39A /* PBXTargetDependency */ = {
			isa = PBXTargetDependency;
			target = 6003F589195388D20070C39A /* RDSRemoteDataSolutions_Example */;
			targetProxy = 6003F5B3195388D20070C39A /* PBXContainerItemProxy */;
		};
/* End PBXTargetDependency section */

/* Begin PBXVariantGroup section */
		6003F596195388D20070C39A /* InfoPlist.strings */ = {
			isa = PBXVariantGroup;
			children = (
				6003F597195388D20070C39A /* en */,
			);
			name = InfoPlist.strings;
			sourceTree = "<group>";
		};
		6003F5B8195388D20070C39A /* InfoPlist.strings */ = {
			isa = PBXVariantGroup;
			children = (
				6003F5B9195388D20070C39A /* en */,
			);
			name = InfoPlist.strings;
			sourceTree = "<group>";
		};
/* End PBXVariantGroup section */

/* Begin XCBuildConfiguration section */
		6003F5BD195388D20070C39A /* Debug */ = {
			isa = XCBuildConfiguration;
			buildSettings = {
				ALWAYS_SEARCH_USER_PATHS = NO;
				CLANG_CXX_LANGUAGE_STANDARD = "gnu++0x";
				CLANG_CXX_LIBRARY = "libc++";
				CLANG_ENABLE_MODULES = YES;
				CLANG_ENABLE_OBJC_ARC = YES;
				CLANG_WARN_BOOL_CONVERSION = YES;
				CLANG_WARN_CONSTANT_CONVERSION = YES;
				CLANG_WARN_DIRECT_OBJC_ISA_USAGE = YES_ERROR;
				CLANG_WARN_EMPTY_BODY = YES;
				CLANG_WARN_ENUM_CONVERSION = YES;
				CLANG_WARN_INT_CONVERSION = YES;
				CLANG_WARN_OBJC_ROOT_CLASS = YES_ERROR;
				CLANG_WARN__DUPLICATE_METHOD_MATCH = YES;
				"CODE_SIGN_IDENTITY[sdk=iphoneos*]" = "iPhone Developer";
				COPY_PHASE_STRIP = NO;
				ENABLE_TESTABILITY = YES;
				GCC_C_LANGUAGE_STANDARD = gnu99;
				GCC_DYNAMIC_NO_PIC = NO;
				GCC_OPTIMIZATION_LEVEL = 0;
				GCC_PREPROCESSOR_DEFINITIONS = (
					"DEBUG=1",
					"$(inherited)",
				);
				GCC_SYMBOLS_PRIVATE_EXTERN = NO;
				GCC_WARN_64_TO_32_BIT_CONVERSION = YES;
				GCC_WARN_ABOUT_RETURN_TYPE = YES_ERROR;
				GCC_WARN_UNDECLARED_SELECTOR = YES;
				GCC_WARN_UNINITIALIZED_AUTOS = YES_AGGRESSIVE;
				GCC_WARN_UNUSED_FUNCTION = YES;
				GCC_WARN_UNUSED_VARIABLE = YES;
				IPHONEOS_DEPLOYMENT_TARGET = 8.3;
				ONLY_ACTIVE_ARCH = YES;
				SDKROOT = iphoneos;
				TARGETED_DEVICE_FAMILY = "1,2";
			};
			name = Debug;
		};
		6003F5BE195388D20070C39A /* Release */ = {
			isa = XCBuildConfiguration;
			buildSettings = {
				ALWAYS_SEARCH_USER_PATHS = NO;
				CLANG_CXX_LANGUAGE_STANDARD = "gnu++0x";
				CLANG_CXX_LIBRARY = "libc++";
				CLANG_ENABLE_MODULES = YES;
				CLANG_ENABLE_OBJC_ARC = YES;
				CLANG_WARN_BOOL_CONVERSION = YES;
				CLANG_WARN_CONSTANT_CONVERSION = YES;
				CLANG_WARN_DIRECT_OBJC_ISA_USAGE = YES_ERROR;
				CLANG_WARN_EMPTY_BODY = YES;
				CLANG_WARN_ENUM_CONVERSION = YES;
				CLANG_WARN_INT_CONVERSION = YES;
				CLANG_WARN_OBJC_ROOT_CLASS = YES_ERROR;
				CLANG_WARN__DUPLICATE_METHOD_MATCH = YES;
				"CODE_SIGN_IDENTITY[sdk=iphoneos*]" = "iPhone Developer";
				COPY_PHASE_STRIP = YES;
				ENABLE_NS_ASSERTIONS = NO;
				GCC_C_LANGUAGE_STANDARD = gnu99;
				GCC_WARN_64_TO_32_BIT_CONVERSION = YES;
				GCC_WARN_ABOUT_RETURN_TYPE = YES_ERROR;
				GCC_WARN_UNDECLARED_SELECTOR = YES;
				GCC_WARN_UNINITIALIZED_AUTOS = YES_AGGRESSIVE;
				GCC_WARN_UNUSED_FUNCTION = YES;
				GCC_WARN_UNUSED_VARIABLE = YES;
				IPHONEOS_DEPLOYMENT_TARGET = 8.3;
				SDKROOT = iphoneos;
				TARGETED_DEVICE_FAMILY = "1,2";
				VALIDATE_PRODUCT = YES;
			};
			name = Release;
		};
		6003F5C0195388D20070C39A /* Debug */ = {
			isa = XCBuildConfiguration;
			baseConfigurationReference = BBB0BC979680907282280E85 /* Pods-RDSRemoteDataSolutions_Example.debug.xcconfig */;
			buildSettings = {
				ASSETCATALOG_COMPILER_APPICON_NAME = AppIcon;
				ASSETCATALOG_COMPILER_LAUNCHIMAGE_NAME = LaunchImage;
				GCC_PRECOMPILE_PREFIX_HEADER = YES;
				GCC_PREFIX_HEADER = "RDSRemoteDataSolutions/RDSRemoteDataSolutions-Prefix.pch";
				INFOPLIST_FILE = "RDSRemoteDataSolutions/RDSRemoteDataSolutions-Info.plist";
				MODULE_NAME = ExampleApp;
				PRODUCT_BUNDLE_IDENTIFIER = "org.cocoapods.demo.${PRODUCT_NAME:rfc1034identifier}";
				PRODUCT_NAME = "$(TARGET_NAME)";
				WRAPPER_EXTENSION = app;
			};
			name = Debug;
		};
		6003F5C1195388D20070C39A /* Release */ = {
			isa = XCBuildConfiguration;
			baseConfigurationReference = 911BB05376AAC14142FD9DEC /* Pods-RDSRemoteDataSolutions_Example.release.xcconfig */;
			buildSettings = {
				ASSETCATALOG_COMPILER_APPICON_NAME = AppIcon;
				ASSETCATALOG_COMPILER_LAUNCHIMAGE_NAME = LaunchImage;
				GCC_PRECOMPILE_PREFIX_HEADER = YES;
				GCC_PREFIX_HEADER = "RDSRemoteDataSolutions/RDSRemoteDataSolutions-Prefix.pch";
				INFOPLIST_FILE = "RDSRemoteDataSolutions/RDSRemoteDataSolutions-Info.plist";
				MODULE_NAME = ExampleApp;
				PRODUCT_BUNDLE_IDENTIFIER = "org.cocoapods.demo.${PRODUCT_NAME:rfc1034identifier}";
				PRODUCT_NAME = "$(TARGET_NAME)";
				WRAPPER_EXTENSION = app;
			};
			name = Release;
		};
		6003F5C3195388D20070C39A /* Debug */ = {
			isa = XCBuildConfiguration;
			baseConfigurationReference = 954754D91DBB5BC02E788D62 /* Pods-RDSRemoteDataSolutions_Tests.debug.xcconfig */;
			buildSettings = {
				BUNDLE_LOADER = "$(TEST_HOST)";
				FRAMEWORK_SEARCH_PATHS = (
					"$(SDKROOT)/Developer/Library/Frameworks",
					"$(inherited)",
					"$(DEVELOPER_FRAMEWORKS_DIR)",
				);
				GCC_PRECOMPILE_PREFIX_HEADER = YES;
				GCC_PREFIX_HEADER = "Tests/Tests-Prefix.pch";
				GCC_PREPROCESSOR_DEFINITIONS = (
					"DEBUG=1",
					"$(inherited)",
				);
				INFOPLIST_FILE = "Tests/Tests-Info.plist";
				PRODUCT_BUNDLE_IDENTIFIER = "org.cocoapods.demo.${PRODUCT_NAME:rfc1034identifier}";
				PRODUCT_NAME = "$(TARGET_NAME)";
				SWIFT_VERSION = 3.0;
				TEST_HOST = "$(BUILT_PRODUCTS_DIR)/RDSRemoteDataSolutions_Example.app/RDSRemoteDataSolutions_Example";
				WRAPPER_EXTENSION = xctest;
			};
			name = Debug;
		};
		6003F5C4195388D20070C39A /* Release */ = {
			isa = XCBuildConfiguration;
			baseConfigurationReference = A84D91D5C0F29FB81A673E73 /* Pods-RDSRemoteDataSolutions_Tests.release.xcconfig */;
			buildSettings = {
				BUNDLE_LOADER = "$(TEST_HOST)";
				FRAMEWORK_SEARCH_PATHS = (
					"$(SDKROOT)/Developer/Library/Frameworks",
					"$(inherited)",
					"$(DEVELOPER_FRAMEWORKS_DIR)",
				);
				GCC_PRECOMPILE_PREFIX_HEADER = YES;
				GCC_PREFIX_HEADER = "Tests/Tests-Prefix.pch";
				INFOPLIST_FILE = "Tests/Tests-Info.plist";
				PRODUCT_BUNDLE_IDENTIFIER = "org.cocoapods.demo.${PRODUCT_NAME:rfc1034identifier}";
				PRODUCT_NAME = "$(TARGET_NAME)";
				SWIFT_VERSION = 3.0;
				TEST_HOST = "$(BUILT_PRODUCTS_DIR)/RDSRemoteDataSolutions_Example.app/RDSRemoteDataSolutions_Example";
				WRAPPER_EXTENSION = xctest;
			};
			name = Release;
		};
/* End XCBuildConfiguration section */

/* Begin XCConfigurationList section */
		6003F585195388D10070C39A /* Build configuration list for PBXProject "RDSRemoteDataSolutions" */ = {
			isa = XCConfigurationList;
			buildConfigurations = (
				6003F5BD195388D20070C39A /* Debug */,
				6003F5BE195388D20070C39A /* Release */,
			);
			defaultConfigurationIsVisible = 0;
			defaultConfigurationName = Release;
		};
		6003F5BF195388D20070C39A /* Build configuration list for PBXNativeTarget "RDSRemoteDataSolutions_Example" */ = {
			isa = XCConfigurationList;
			buildConfigurations = (
				6003F5C0195388D20070C39A /* Debug */,
				6003F5C1195388D20070C39A /* Release */,
			);
			defaultConfigurationIsVisible = 0;
			defaultConfigurationName = Release;
		};
		6003F5C2195388D20070C39A /* Build configuration list for PBXNativeTarget "RDSRemoteDataSolutions_Tests" */ = {
			isa = XCConfigurationList;
			buildConfigurations = (
				6003F5C3195388D20070C39A /* Debug */,
				6003F5C4195388D20070C39A /* Release */,
			);
			defaultConfigurationIsVisible = 0;
			defaultConfigurationName = Release;
		};
/* End XCConfigurationList section */
	};
	rootObject = 6003F582195388D10070C39A /* Project object */;
}
