PODS:
  - FBSnapshotTestCase (2.1.4):
    - FBSnapshotTestCase/SwiftSupport (= 2.1.4)
  - FBSnapshotTestCase/Core (2.1.4)
  - FBSnapshotTestCase/SwiftSupport (2.1.4):
    - FBSnapshotTestCase/Core
  - KFXAdditions (0.12.0)
  - Kiwi (2.4.0)
  - RDSRemoteDataSolutions (0.3.0):
    - KFXAdditions

DEPENDENCIES:
  - FBSnapshotTestCase
  - KFXAdditions
  - Kiwi
  - RDSRemoteDataSolutions (from `../`)

EXTERNAL SOURCES:
  RDSRemoteDataSolutions:
    :path: ../

SPEC CHECKSUMS:
  FBSnapshotTestCase: 094f9f314decbabe373b87cc339bea235a63e07a
  KFXAdditions: 529a02e42c3b356e8c7bc46dba22606e515fa9c3
  Kiwi: f49c9d54b28917df5928fe44968a39ed198cb8a8
  RDSRemoteDataSolutions: 10c6be8cd30f499c33fb61adcd4d5471e1a69144

PODFILE CHECKSUM: 31e6fc2b8186e800940628d6531c24b8b88830db

COCOAPODS: 1.1.0.rc.2
