PODS:
  - KFXAdditions (0.36.0)
  - KFXLog (1.2.0)
  - RDSRemoteDataSolutions (0.9.1):
    - KFXAdditions
    - KFXLog

DEPENDENCIES:
  - KFXAdditions
  - KFXLog
  - RDSRemoteDataSolutions (from `../`)

EXTERNAL SOURCES:
  RDSRemoteDataSolutions:
    :path: ../

SPEC CHECKSUMS:
  KFXAdditions: 371560b0199a420e8a9a44e02e2e4c2e10ebc0bc
  KFXLog: e3611d261bbb3a52cff4c34cc3f199a6a70752f0
  RDSRemoteDataSolutions: 2592b798d24538e257f7e2e52c79401531fb71a7

PODFILE CHECKSUM: b1b1c588c197b663d51ff191547f497eb19b75ad

COCOAPODS: 1.2.1
